{
  "originHash" : "1d8ad55378112a342d28ba4b29cfa1f9e139df175628dab975309c53f1999e33",
  "pins" : [
    {
      "identity" : "nodal",
      "kind" : "remoteSourceControl",
      "location" : "https://github.com/tomasf/Nodal.git",
      "state" : {
        "revision" : "c063344c9679f327de484f3595a8dcf97f35db8a",
        "version" : "1.0.0"
      }
    }
  ],
  "version" : 3
}
